
Microsoft Visual Studio Solution File, Format Version 12.00
# Visual Studio Version 17
VisualStudioVersion = 17.7.34031.279
MinimumVisualStudioVersion = 10.0.40219.1
Project("{9A19103F-16F7-4668-BE54-9A1E7A4F7556}") = "VotoTrack", "VotoTrack.csproj", "{BC30DD0A-BC0B-4781-83A0-6AC5773D8807}"
EndProject
Global
	GlobalSection(SolutionConfigurationPlatforms) = preSolution
		Debug|Any CPU = Debug|Any CPU
		Release|Any CPU = Release|Any CPU
	EndGlobalSection
	GlobalSection(ProjectConfigurationPlatforms) = postSolution
		{BC30DD0A-BC0B-4781-83A0-6AC5773D8807}.Debug|Any CPU.ActiveCfg = Debug|Any CPU
		{BC30DD0A-BC0B-4781-83A0-6AC5773D8807}.Debug|Any CPU.Build.0 = Debug|Any CPU
		{BC30DD0A-BC0B-4781-83A0-6AC5773D8807}.Release|Any CPU.ActiveCfg = Release|Any CPU
		{BC30DD0A-BC0B-4781-83A0-6AC5773D8807}.Release|Any CPU.Build.0 = Release|Any CPU
	EndGlobalSection
	GlobalSection(SolutionProperties) = preSolution
		HideSolutionNode = FALSE
	EndGlobalSection
	GlobalSection(ExtensibilityGlobals) = postSolution
		SolutionGuid = {B182791A-D666-474B-87F1-0D8172E87D83}
	EndGlobalSection
EndGlobal
